
Microsoft Visual Studio Solution File, Format Version 12.00
# Visual Studio 15
VisualStudioVersion = 15.0.27428.2037
MinimumVisualStudioVersion = 10.0.40219.1
Project("{FAE04EC0-301F-11D3-BF4B-00C04F79EFBC}") = "WebUI", "WebUI\WebUI.csproj", "{0B0A6B9C-2978-4C18-BFEB-6B5A8C34B204}"
	ProjectSection(ProjectDependencies) = postProject
		{88188321-5931-42E3-A0E2-5FA928B06E69} = {88188321-5931-42E3-A0E2-5FA928B06E69}
		{81DF033D-CC80-4805-8DF4-95D9C946228D} = {81DF033D-CC80-4805-8DF4-95D9C946228D}
		{C6A2B2A5-7D5C-46CB-9E05-F1CCB7AA157F} = {C6A2B2A5-7D5C-46CB-9E05-F1CCB7AA157F}
		{023D0AB6-EB6C-4D39-A45A-3CC1606DE8F6} = {023D0AB6-EB6C-4D39-A45A-3CC1606DE8F6}
		{8A1528DF-A8A7-4253-B1D1-145ECB504D87} = {8A1528DF-A8A7-4253-B1D1-145ECB504D87}
		{A35855E4-0655-4AC9-B1CA-A1C2B833E8DC} = {A35855E4-0655-4AC9-B1CA-A1C2B833E8DC}
		{617C1EE5-38A0-4D11-9BDF-07D22538B9E4} = {617C1EE5-38A0-4D11-9BDF-07D22538B9E4}
		{7A15B9F1-1DA2-4651-BE7B-8E3BCAA0E9C5} = {7A15B9F1-1DA2-4651-BE7B-8E3BCAA0E9C5}
	EndProjectSection
EndProject
Project("{FAE04EC0-301F-11D3-BF4B-00C04F79EFBC}") = "Identity.DAL", "DAL\Identity.DAL.csproj", "{7A15B9F1-1DA2-4651-BE7B-8E3BCAA0E9C5}"
	ProjectSection(ProjectDependencies) = postProject
		{A35855E4-0655-4AC9-B1CA-A1C2B833E8DC} = {A35855E4-0655-4AC9-B1CA-A1C2B833E8DC}
	EndProjectSection
EndProject
Project("{FAE04EC0-301F-11D3-BF4B-00C04F79EFBC}") = "Identity.BLL", "BLL\Identity.BLL.csproj", "{C6A2B2A5-7D5C-46CB-9E05-F1CCB7AA157F}"
	ProjectSection(ProjectDependencies) = postProject
		{81DF033D-CC80-4805-8DF4-95D9C946228D} = {81DF033D-CC80-4805-8DF4-95D9C946228D}
		{7A15B9F1-1DA2-4651-BE7B-8E3BCAA0E9C5} = {7A15B9F1-1DA2-4651-BE7B-8E3BCAA0E9C5}
	EndProjectSection
EndProject
Project("{FAE04EC0-301F-11D3-BF4B-00C04F79EFBC}") = "KnowledgeManagement.DAL", "KnowledgeManagement.DAL\KnowledgeManagement.DAL.csproj", "{617C1EE5-38A0-4D11-9BDF-07D22538B9E4}"
	ProjectSection(ProjectDependencies) = postProject
		{023D0AB6-EB6C-4D39-A45A-3CC1606DE8F6} = {023D0AB6-EB6C-4D39-A45A-3CC1606DE8F6}
	EndProjectSection
EndProject
Project("{FAE04EC0-301F-11D3-BF4B-00C04F79EFBC}") = "KnowledgeManagement.BLL", "KnowledgeManagement.BLL\KnowledgeManagement.BLL.csproj", "{88188321-5931-42E3-A0E2-5FA928B06E69}"
	ProjectSection(ProjectDependencies) = postProject
		{8A1528DF-A8A7-4253-B1D1-145ECB504D87} = {8A1528DF-A8A7-4253-B1D1-145ECB504D87}
		{617C1EE5-38A0-4D11-9BDF-07D22538B9E4} = {617C1EE5-38A0-4D11-9BDF-07D22538B9E4}
	EndProjectSection
EndProject
Project("{2150E333-8FDC-42A3-9474-1A3956D46DE8}") = "UnitTests", "UnitTests", "{9A3AF945-30E9-4CF0-955D-D63A82D525A0}"
EndProject
Project("{FAE04EC0-301F-11D3-BF4B-00C04F79EFBC}") = "KnowledgeManagement.BLLTest", "KnowledgeManagement.BLLTest\KnowledgeManagement.BLLTest.csproj", "{5B8D9786-02CD-47D9-9F79-9E7222C6A29F}"
	ProjectSection(ProjectDependencies) = postProject
		{88188321-5931-42E3-A0E2-5FA928B06E69} = {88188321-5931-42E3-A0E2-5FA928B06E69}
	EndProjectSection
EndProject
Project("{FAE04EC0-301F-11D3-BF4B-00C04F79EFBC}") = "Identity.BLLTest", "Identity.BLLTest\Identity.BLLTest.csproj", "{C97E48A9-6D72-407C-BDFB-5B086F0250AF}"
	ProjectSection(ProjectDependencies) = postProject
		{C6A2B2A5-7D5C-46CB-9E05-F1CCB7AA157F} = {C6A2B2A5-7D5C-46CB-9E05-F1CCB7AA157F}
		{7A15B9F1-1DA2-4651-BE7B-8E3BCAA0E9C5} = {7A15B9F1-1DA2-4651-BE7B-8E3BCAA0E9C5}
	EndProjectSection
EndProject
Project("{FAE04EC0-301F-11D3-BF4B-00C04F79EFBC}") = "KnowledgeManagement.DAL.Interface", "KnowledgeManagement.DAL.Interface\KnowledgeManagement.DAL.Interface.csproj", "{023D0AB6-EB6C-4D39-A45A-3CC1606DE8F6}"
EndProject
Project("{FAE04EC0-301F-11D3-BF4B-00C04F79EFBC}") = "KnowledgeManagement.BLL.Interface", "KnowledgeManagement.BLL.Interface\KnowledgeManagement.BLL.Interface.csproj", "{8A1528DF-A8A7-4253-B1D1-145ECB504D87}"
EndProject
Project("{2150E333-8FDC-42A3-9474-1A3956D46DE8}") = "InterfaceHolder", "InterfaceHolder", "{D34D6B6C-FBD4-4CB1-81F3-3C362E01F438}"
EndProject
Project("{FAE04EC0-301F-11D3-BF4B-00C04F79EFBC}") = "Identity.DAL.Interface", "Identity.DAL.Interface\Identity.DAL.Interface.csproj", "{A35855E4-0655-4AC9-B1CA-A1C2B833E8DC}"
EndProject
Project("{FAE04EC0-301F-11D3-BF4B-00C04F79EFBC}") = "Identity.BLL.Interface", "Identity.BLL.Interface\Identity.BLL.Interface.csproj", "{81DF033D-CC80-4805-8DF4-95D9C946228D}"
EndProject
Global
	GlobalSection(SolutionConfigurationPlatforms) = preSolution
		Debug|Any CPU = Debug|Any CPU
		Release|Any CPU = Release|Any CPU
	EndGlobalSection
	GlobalSection(ProjectConfigurationPlatforms) = postSolution
		{0B0A6B9C-2978-4C18-BFEB-6B5A8C34B204}.Debug|Any CPU.ActiveCfg = Debug|Any CPU
		{0B0A6B9C-2978-4C18-BFEB-6B5A8C34B204}.Debug|Any CPU.Build.0 = Debug|Any CPU
		{0B0A6B9C-2978-4C18-BFEB-6B5A8C34B204}.Release|Any CPU.ActiveCfg = Release|Any CPU
		{0B0A6B9C-2978-4C18-BFEB-6B5A8C34B204}.Release|Any CPU.Build.0 = Release|Any CPU
		{7A15B9F1-1DA2-4651-BE7B-8E3BCAA0E9C5}.Debug|Any CPU.ActiveCfg = Debug|Any CPU
		{7A15B9F1-1DA2-4651-BE7B-8E3BCAA0E9C5}.Debug|Any CPU.Build.0 = Debug|Any CPU
		{7A15B9F1-1DA2-4651-BE7B-8E3BCAA0E9C5}.Release|Any CPU.ActiveCfg = Release|Any CPU
		{7A15B9F1-1DA2-4651-BE7B-8E3BCAA0E9C5}.Release|Any CPU.Build.0 = Release|Any CPU
		{C6A2B2A5-7D5C-46CB-9E05-F1CCB7AA157F}.Debug|Any CPU.ActiveCfg = Debug|Any CPU
		{C6A2B2A5-7D5C-46CB-9E05-F1CCB7AA157F}.Debug|Any CPU.Build.0 = Debug|Any CPU
		{C6A2B2A5-7D5C-46CB-9E05-F1CCB7AA157F}.Release|Any CPU.ActiveCfg = Release|Any CPU
		{C6A2B2A5-7D5C-46CB-9E05-F1CCB7AA157F}.Release|Any CPU.Build.0 = Release|Any CPU
		{617C1EE5-38A0-4D11-9BDF-07D22538B9E4}.Debug|Any CPU.ActiveCfg = Debug|Any CPU
		{617C1EE5-38A0-4D11-9BDF-07D22538B9E4}.Debug|Any CPU.Build.0 = Debug|Any CPU
		{617C1EE5-38A0-4D11-9BDF-07D22538B9E4}.Release|Any CPU.ActiveCfg = Release|Any CPU
		{617C1EE5-38A0-4D11-9BDF-07D22538B9E4}.Release|Any CPU.Build.0 = Release|Any CPU
		{88188321-5931-42E3-A0E2-5FA928B06E69}.Debug|Any CPU.ActiveCfg = Debug|Any CPU
		{88188321-5931-42E3-A0E2-5FA928B06E69}.Debug|Any CPU.Build.0 = Debug|Any CPU
		{88188321-5931-42E3-A0E2-5FA928B06E69}.Release|Any CPU.ActiveCfg = Release|Any CPU
		{88188321-5931-42E3-A0E2-5FA928B06E69}.Release|Any CPU.Build.0 = Release|Any CPU
		{5B8D9786-02CD-47D9-9F79-9E7222C6A29F}.Debug|Any CPU.ActiveCfg = Debug|Any CPU
		{5B8D9786-02CD-47D9-9F79-9E7222C6A29F}.Debug|Any CPU.Build.0 = Debug|Any CPU
		{5B8D9786-02CD-47D9-9F79-9E7222C6A29F}.Release|Any CPU.ActiveCfg = Release|Any CPU
		{5B8D9786-02CD-47D9-9F79-9E7222C6A29F}.Release|Any CPU.Build.0 = Release|Any CPU
		{C97E48A9-6D72-407C-BDFB-5B086F0250AF}.Debug|Any CPU.ActiveCfg = Debug|Any CPU
		{C97E48A9-6D72-407C-BDFB-5B086F0250AF}.Debug|Any CPU.Build.0 = Debug|Any CPU
		{C97E48A9-6D72-407C-BDFB-5B086F0250AF}.Release|Any CPU.ActiveCfg = Release|Any CPU
		{C97E48A9-6D72-407C-BDFB-5B086F0250AF}.Release|Any CPU.Build.0 = Release|Any CPU
		{023D0AB6-EB6C-4D39-A45A-3CC1606DE8F6}.Debug|Any CPU.ActiveCfg = Debug|Any CPU
		{023D0AB6-EB6C-4D39-A45A-3CC1606DE8F6}.Debug|Any CPU.Build.0 = Debug|Any CPU
		{023D0AB6-EB6C-4D39-A45A-3CC1606DE8F6}.Release|Any CPU.ActiveCfg = Release|Any CPU
		{023D0AB6-EB6C-4D39-A45A-3CC1606DE8F6}.Release|Any CPU.Build.0 = Release|Any CPU
		{8A1528DF-A8A7-4253-B1D1-145ECB504D87}.Debug|Any CPU.ActiveCfg = Debug|Any CPU
		{8A1528DF-A8A7-4253-B1D1-145ECB504D87}.Debug|Any CPU.Build.0 = Debug|Any CPU
		{8A1528DF-A8A7-4253-B1D1-145ECB504D87}.Release|Any CPU.ActiveCfg = Release|Any CPU
		{8A1528DF-A8A7-4253-B1D1-145ECB504D87}.Release|Any CPU.Build.0 = Release|Any CPU
		{A35855E4-0655-4AC9-B1CA-A1C2B833E8DC}.Debug|Any CPU.ActiveCfg = Debug|Any CPU
		{A35855E4-0655-4AC9-B1CA-A1C2B833E8DC}.Debug|Any CPU.Build.0 = Debug|Any CPU
		{A35855E4-0655-4AC9-B1CA-A1C2B833E8DC}.Release|Any CPU.ActiveCfg = Release|Any CPU
		{A35855E4-0655-4AC9-B1CA-A1C2B833E8DC}.Release|Any CPU.Build.0 = Release|Any CPU
		{81DF033D-CC80-4805-8DF4-95D9C946228D}.Debug|Any CPU.ActiveCfg = Debug|Any CPU
		{81DF033D-CC80-4805-8DF4-95D9C946228D}.Debug|Any CPU.Build.0 = Debug|Any CPU
		{81DF033D-CC80-4805-8DF4-95D9C946228D}.Release|Any CPU.ActiveCfg = Release|Any CPU
		{81DF033D-CC80-4805-8DF4-95D9C946228D}.Release|Any CPU.Build.0 = Release|Any CPU
	EndGlobalSection
	GlobalSection(SolutionProperties) = preSolution
		HideSolutionNode = FALSE
	EndGlobalSection
	GlobalSection(NestedProjects) = preSolution
		{5B8D9786-02CD-47D9-9F79-9E7222C6A29F} = {9A3AF945-30E9-4CF0-955D-D63A82D525A0}
		{C97E48A9-6D72-407C-BDFB-5B086F0250AF} = {9A3AF945-30E9-4CF0-955D-D63A82D525A0}
		{023D0AB6-EB6C-4D39-A45A-3CC1606DE8F6} = {D34D6B6C-FBD4-4CB1-81F3-3C362E01F438}
		{8A1528DF-A8A7-4253-B1D1-145ECB504D87} = {D34D6B6C-FBD4-4CB1-81F3-3C362E01F438}
		{A35855E4-0655-4AC9-B1CA-A1C2B833E8DC} = {D34D6B6C-FBD4-4CB1-81F3-3C362E01F438}
		{81DF033D-CC80-4805-8DF4-95D9C946228D} = {D34D6B6C-FBD4-4CB1-81F3-3C362E01F438}
	EndGlobalSection
	GlobalSection(ExtensibilityGlobals) = postSolution
		SolutionGuid = {286F0727-8D0F-4574-9404-F095B2E3EB04}
	EndGlobalSection
EndGlobal
